
Microsoft Visual Studio Solution File, Format Version 12.00
# Visual Studio Version 17
VisualStudioVersion = 17.4.33403.182
MinimumVisualStudioVersion = 10.0.40219.1
Project("{FAE04EC0-301F-11D3-BF4B-00C04F79EFBC}") = "test.Android", "test.Android\test.Android.csproj", "{E9B4E6DC-481F-48D1-B853-0CB5A71A9B76}"
EndProject
Project("{FAE04EC0-301F-11D3-BF4B-00C04F79EFBC}") = "test.iOS", "test.iOS\test.iOS.csproj", "{69A4FE1E-F590-4A9E-8CE4-BB85545B8092}"
EndProject
Project("{FAE04EC0-301F-11D3-BF4B-00C04F79EFBC}") = "test", "test\test.csproj", "{86DDAF4C-25E1-43A2-9B4B-586823A39A83}"
EndProject
Global
	GlobalSection(SolutionConfigurationPlatforms) = preSolution
		Debug|Any CPU = Debug|Any CPU
		Debug|iPhone = Debug|iPhone
		Debug|iPhoneSimulator = Debug|iPhoneSimulator
		Release|Any CPU = Release|Any CPU
		Release|iPhone = Release|iPhone
		Release|iPhoneSimulator = Release|iPhoneSimulator
	EndGlobalSection
	GlobalSection(ProjectConfigurationPlatforms) = postSolution
		{E9B4E6DC-481F-48D1-B853-0CB5A71A9B76}.Debug|Any CPU.ActiveCfg = Debug|Any CPU
		{E9B4E6DC-481F-48D1-B853-0CB5A71A9B76}.Debug|Any CPU.Build.0 = Debug|Any CPU
		{E9B4E6DC-481F-48D1-B853-0CB5A71A9B76}.Debug|Any CPU.Deploy.0 = Debug|Any CPU
		{E9B4E6DC-481F-48D1-B853-0CB5A71A9B76}.Debug|iPhone.ActiveCfg = Debug|Any CPU
		{E9B4E6DC-481F-48D1-B853-0CB5A71A9B76}.Debug|iPhone.Build.0 = Debug|Any CPU
		{E9B4E6DC-481F-48D1-B853-0CB5A71A9B76}.Debug|iPhone.Deploy.0 = Debug|Any CPU
		{E9B4E6DC-481F-48D1-B853-0CB5A71A9B76}.Debug|iPhoneSimulator.ActiveCfg = Debug|Any CPU
		{E9B4E6DC-481F-48D1-B853-0CB5A71A9B76}.Debug|iPhoneSimulator.Build.0 = Debug|Any CPU
		{E9B4E6DC-481F-48D1-B853-0CB5A71A9B76}.Debug|iPhoneSimulator.Deploy.0 = Debug|Any CPU
		{E9B4E6DC-481F-48D1-B853-0CB5A71A9B76}.Release|Any CPU.ActiveCfg = Release|Any CPU
		{E9B4E6DC-481F-48D1-B853-0CB5A71A9B76}.Release|Any CPU.Build.0 = Release|Any CPU
		{E9B4E6DC-481F-48D1-B853-0CB5A71A9B76}.Release|Any CPU.Deploy.0 = Release|Any CPU
		{E9B4E6DC-481F-48D1-B853-0CB5A71A9B76}.Release|iPhone.ActiveCfg = Release|Any CPU
		{E9B4E6DC-481F-48D1-B853-0CB5A71A9B76}.Release|iPhone.Build.0 = Release|Any CPU
		{E9B4E6DC-481F-48D1-B853-0CB5A71A9B76}.Release|iPhone.Deploy.0 = Release|Any CPU
		{E9B4E6DC-481F-48D1-B853-0CB5A71A9B76}.Release|iPhoneSimulator.ActiveCfg = Release|Any CPU
		{E9B4E6DC-481F-48D1-B853-0CB5A71A9B76}.Release|iPhoneSimulator.Build.0 = Release|Any CPU
		{E9B4E6DC-481F-48D1-B853-0CB5A71A9B76}.Release|iPhoneSimulator.Deploy.0 = Release|Any CPU
		{69A4FE1E-F590-4A9E-8CE4-BB85545B8092}.Debug|Any CPU.ActiveCfg = Debug|iPhone
		{69A4FE1E-F590-4A9E-8CE4-BB85545B8092}.Debug|Any CPU.Build.0 = Debug|iPhone
		{69A4FE1E-F590-4A9E-8CE4-BB85545B8092}.Debug|Any CPU.Deploy.0 = Debug|iPhone
		{69A4FE1E-F590-4A9E-8CE4-BB85545B8092}.Debug|iPhone.ActiveCfg = Debug|iPhone
		{69A4FE1E-F590-4A9E-8CE4-BB85545B8092}.Debug|iPhone.Build.0 = Debug|iPhone
		{69A4FE1E-F590-4A9E-8CE4-BB85545B8092}.Debug|iPhone.Deploy.0 = Debug|iPhone
		{69A4FE1E-F590-4A9E-8CE4-BB85545B8092}.Debug|iPhoneSimulator.ActiveCfg = Debug|iPhoneSimulator
		{69A4FE1E-F590-4A9E-8CE4-BB85545B8092}.Debug|iPhoneSimulator.Build.0 = Debug|iPhoneSimulator
		{69A4FE1E-F590-4A9E-8CE4-BB85545B8092}.Debug|iPhoneSimulator.Deploy.0 = Debug|iPhoneSimulator
		{69A4FE1E-F590-4A9E-8CE4-BB85545B8092}.Release|Any CPU.ActiveCfg = Release|iPhoneSimulator
		{69A4FE1E-F590-4A9E-8CE4-BB85545B8092}.Release|Any CPU.Build.0 = Release|iPhoneSimulator
		{69A4FE1E-F590-4A9E-8CE4-BB85545B8092}.Release|Any CPU.Deploy.0 = Release|iPhoneSimulator
		{69A4FE1E-F590-4A9E-8CE4-BB85545B8092}.Release|iPhone.ActiveCfg = Release|iPhone
		{69A4FE1E-F590-4A9E-8CE4-BB85545B8092}.Release|iPhone.Build.0 = Release|iPhone
		{69A4FE1E-F590-4A9E-8CE4-BB85545B8092}.Release|iPhone.Deploy.0 = Release|iPhone
		{69A4FE1E-F590-4A9E-8CE4-BB85545B8092}.Release|iPhoneSimulator.ActiveCfg = Release|iPhoneSimulator
		{69A4FE1E-F590-4A9E-8CE4-BB85545B8092}.Release|iPhoneSimulator.Build.0 = Release|iPhoneSimulator
		{69A4FE1E-F590-4A9E-8CE4-BB85545B8092}.Release|iPhoneSimulator.Deploy.0 = Release|iPhoneSimulator
		{86DDAF4C-25E1-43A2-9B4B-586823A39A83}.Debug|Any CPU.ActiveCfg = Debug|Any CPU
		{86DDAF4C-25E1-43A2-9B4B-586823A39A83}.Debug|Any CPU.Build.0 = Debug|Any CPU
		{86DDAF4C-25E1-43A2-9B4B-586823A39A83}.Debug|Any CPU.Deploy.0 = Debug|Any CPU
		{86DDAF4C-25E1-43A2-9B4B-586823A39A83}.Debug|iPhone.ActiveCfg = Debug|Any CPU
		{86DDAF4C-25E1-43A2-9B4B-586823A39A83}.Debug|iPhone.Build.0 = Debug|Any CPU
		{86DDAF4C-25E1-43A2-9B4B-586823A39A83}.Debug|iPhone.Deploy.0 = Debug|Any CPU
		{86DDAF4C-25E1-43A2-9B4B-586823A39A83}.Debug|iPhoneSimulator.ActiveCfg = Debug|Any CPU
		{86DDAF4C-25E1-43A2-9B4B-586823A39A83}.Debug|iPhoneSimulator.Build.0 = Debug|Any CPU
		{86DDAF4C-25E1-43A2-9B4B-586823A39A83}.Debug|iPhoneSimulator.Deploy.0 = Debug|Any CPU
		{86DDAF4C-25E1-43A2-9B4B-586823A39A83}.Release|Any CPU.ActiveCfg = Release|Any CPU
		{86DDAF4C-25E1-43A2-9B4B-586823A39A83}.Release|Any CPU.Build.0 = Release|Any CPU
		{86DDAF4C-25E1-43A2-9B4B-586823A39A83}.Release|Any CPU.Deploy.0 = Release|Any CPU
		{86DDAF4C-25E1-43A2-9B4B-586823A39A83}.Release|iPhone.ActiveCfg = Release|Any CPU
		{86DDAF4C-25E1-43A2-9B4B-586823A39A83}.Release|iPhone.Build.0 = Release|Any CPU
		{86DDAF4C-25E1-43A2-9B4B-586823A39A83}.Release|iPhone.Deploy.0 = Release|Any CPU
		{86DDAF4C-25E1-43A2-9B4B-586823A39A83}.Release|iPhoneSimulator.ActiveCfg = Release|Any CPU
		{86DDAF4C-25E1-43A2-9B4B-586823A39A83}.Release|iPhoneSimulator.Build.0 = Release|Any CPU
		{86DDAF4C-25E1-43A2-9B4B-586823A39A83}.Release|iPhoneSimulator.Deploy.0 = Release|Any CPU
	EndGlobalSection
	GlobalSection(SolutionProperties) = preSolution
		HideSolutionNode = FALSE
	EndGlobalSection
	GlobalSection(ExtensibilityGlobals) = postSolution
		SolutionGuid = {FDD986D0-E1AD-4461-BE82-E2D6915141D5}
	EndGlobalSection
EndGlobal
